{
  "originHash" : "7b8f9eacc32ba7745a4b5d943cfdb171582a7be76e488ba1e7bd0e9bb04de7fc",
  "pins" : [
    {
      "identity" : "coloringcanvaskit",
      "kind" : "remoteSourceControl",
      "location" : "https://github.com/grohong/ColoringCanvasKit.git",
      "state" : {
        "branch" : "main",
        "revision" : "0ddbf0ff573ac26f1ca0e4fe63b18435eb8a5806"
      }
    }
  ],
  "version" : 3
}
