{
  "originHash" : "7b8f9eacc32ba7745a4b5d943cfdb171582a7be76e488ba1e7bd0e9bb04de7fc",
  "pins" : [
    {
      "identity" : "coloringcanvaskit",
      "kind" : "remoteSourceControl",
      "location" : "https://github.com/grohong/ColoringCanvasKit.git",
      "state" : {
        "branch" : "feature/spm",
        "revision" : "bbf64393f972ff79b56228ed8fe6f575c3b4e35d"
      }
    }
  ],
  "version" : 3
}
